{
    "_meta": {
        "hash": {
            "sha256": "5a592981bf0208b48eda46241b64629b8ab60c0d2ae96624fa425d71316ee73c"
        },
        "pipfile-spec": 6,
        "requires": {},
        "sources": [
            {
                "name": "pypi",
                "url": "https://pypi.org/simple",
                "verify_ssl": true
            },
            {
                "name": "redhat-aicoe-experiments",
                "url": "https://index-aicoe.a3c1.starter-us-west-1.openshiftapps.com/fedora28/1.9/jemalloc",
                "verify_ssl": true
            }
        ]
    },
    "default": {
        "absl-py": {
            "hashes": [
                "sha256:6fcc3c04dc881fd93d793674a42ee8c73155570eda8f8b90c4477c8522478b7b"
            ],
            "version": "==0.5.0"
        },
        "click": {
            "hashes": [
                "sha256:cc6a19da8ebff6e7074f731447ef7e112bd23adf3de5c597cf9989f2fd8defe9",
                "sha256:fcf697e1fd4b567d817c69dab10a4035937fe6af175c05fd6806b69f74cbc6c4"
            ],
            "index": "pypi",
            "version": "==6.6"
        },
        "python-dateutil": {
            "hashes": [
                "sha256:1adb80e7a782c12e52ef9a8182bebeb73f1d7e24e374397af06fb4956c8dc5c0",
                "sha256:e27001de32f627c22380a688bcc43ce83504a7bc5da472209b4c70f02829f0b8"
            ],
            "markers": "python_version >= '2.7'",
            "version": "==2.7.3"
        },
        "tensorflow": {
            "hashes": [
                "sha256:0588ac4f2b2e3994a5245c9be13a58e6128c26f7e6eb61c2ef90d82b58b78d4c",
                "sha256:1a83b8e789a5b9bfdfc671d4368b976a8d9cc5d217209264cc987885ff55a6b1",
                "sha256:4dedb5dacd20df1e545835a40ad6b337fda11e32432bd643e4a8cd484d72fe0a"
            ],
            "version": "==1.9.0rc0",
            "index": "redhat-aicoe-experiments"
        }
    },
    "develop": {
        "autopep8": {
            "hashes": [
                "sha256:655e3ee8b4545be6cfed18985f581ee9ecc74a232550ee46e9797b6fbf4f336d"
            ],
            "version": "==1.4"
        }
    }
}
